// !$*UTF8*$!
{
	archiveVersion = 1;
	classes = {
	};
	objectVersion = 55;
	objects = {

/* Begin PBXBuildFile section */
		0D9560E22724823C0041E371 /* AppDelegate.swift in Sources */ = {isa = PBXBuildFile; fileRef = 0D9560E12724823C0041E371 /* AppDelegate.swift */; };
		0D9560E42724823C0041E371 /* SceneDelegate.swift in Sources */ = {isa = PBXBuildFile; fileRef = 0D9560E32724823C0041E371 /* SceneDelegate.swift */; };
		0D9560E62724823C0041E371 /* ViewController.swift in Sources */ = {isa = PBXBuildFile; fileRef = 0D9560E52724823C0041E371 /* ViewController.swift */; };
		0D9560E92724823C0041E371 /* Main.storyboard in Resources */ = {isa = PBXBuildFile; fileRef = 0D9560E72724823C0041E371 /* Main.storyboard */; };
		0D9560EB272482420041E371 /* Assets.xcassets in Resources */ = {isa = PBXBuildFile; fileRef = 0D9560EA272482420041E371 /* Assets.xcassets */; };
		0D9560EE272482420041E371 /* LaunchScreen.storyboard in Resources */ = {isa = PBXBuildFile; fileRef = 0D9560EC272482420041E371 /* LaunchScreen.storyboard */; };
		0D9560F9272482430041E371 /* BookLetTests.swift in Sources */ = {isa = PBXBuildFile; fileRef = 0D9560F8272482430041E371 /* BookLetTests.swift */; };
		0D956103272482430041E371 /* BookLetUITests.swift in Sources */ = {isa = PBXBuildFile; fileRef = 0D956102272482430041E371 /* BookLetUITests.swift */; };
		0D956105272482430041E371 /* BookLetUITestsLaunchTests.swift in Sources */ = {isa = PBXBuildFile; fileRef = 0D956104272482430041E371 /* BookLetUITestsLaunchTests.swift */; };
		0D956112272485390041E371 /* APICaller.swift in Sources */ = {isa = PBXBuildFile; fileRef = 0D956111272485390041E371 /* APICaller.swift */; };
		0D9561142724993F0041E371 /* BooksTableViewCell.swift in Sources */ = {isa = PBXBuildFile; fileRef = 0D9561132724993F0041E371 /* BooksTableViewCell.swift */; };
/* End PBXBuildFile section */

/* Begin PBXContainerItemProxy section */
		0D9560F5272482420041E371 /* PBXContainerItemProxy */ = {
			isa = PBXContainerItemProxy;
			containerPortal = 0D9560D62724823C0041E371 /* Project object */;
			proxyType = 1;
			remoteGlobalIDString = 0D9560DD2724823C0041E371;
			remoteInfo = BookLet;
		};
		0D9560FF272482430041E371 /* PBXContainerItemProxy */ = {
			isa = PBXContainerItemProxy;
			containerPortal = 0D9560D62724823C0041E371 /* Project object */;
			proxyType = 1;
			remoteGlobalIDString = 0D9560DD2724823C0041E371;
			remoteInfo = BookLet;
		};
/* End PBXContainerItemProxy section */

/* Begin PBXFileReference section */
		0D9560DE2724823C0041E371 /* BookLet.app */ = {isa = PBXFileReference; explicitFileType = wrapper.application; includeInIndex = 0; path = BookLet.app; sourceTree = BUILT_PRODUCTS_DIR; };
		0D9560E12724823C0041E371 /* AppDelegate.swift */ = {isa = PBXFileReference; lastKnownFileType = sourcecode.swift; path = AppDelegate.swift; sourceTree = "<group>"; };
		0D9560E32724823C0041E371 /* SceneDelegate.swift */ = {isa = PBXFileReference; lastKnownFileType = sourcecode.swift; path = SceneDelegate.swift; sourceTree = "<group>"; };
		0D9560E52724823C0041E371 /* ViewController.swift */ = {isa = PBXFileReference; lastKnownFileType = sourcecode.swift; path = ViewController.swift; sourceTree = "<group>"; };
		0D9560E82724823C0041E371 /* Base */ = {isa = PBXFileReference; lastKnownFileType = file.storyboard; name = Base; path = Base.lproj/Main.storyboard; sourceTree = "<group>"; };
		0D9560EA272482420041E371 /* Assets.xcassets */ = {isa = PBXFileReference; lastKnownFileType = folder.assetcatalog; path = Assets.xcassets; sourceTree = "<group>"; };
		0D9560ED272482420041E371 /* Base */ = {isa = PBXFileReference; lastKnownFileType = file.storyboard; name = Base; path = Base.lproj/LaunchScreen.storyboard; sourceTree = "<group>"; };
		0D9560EF272482420041E371 /* Info.plist */ = {isa = PBXFileReference; lastKnownFileType = text.plist.xml; path = Info.plist; sourceTree = "<group>"; };
		0D9560F4272482420041E371 /* BookLetTests.xctest */ = {isa = PBXFileReference; explicitFileType = wrapper.cfbundle; includeInIndex = 0; path = BookLetTests.xctest; sourceTree = BUILT_PRODUCTS_DIR; };
		0D9560F8272482430041E371 /* BookLetTests.swift */ = {isa = PBXFileReference; lastKnownFileType = sourcecode.swift; path = BookLetTests.swift; sourceTree = "<group>"; };
		0D9560FE272482430041E371 /* BookLetUITests.xctest */ = {isa = PBXFileReference; explicitFileType = wrapper.cfbundle; includeInIndex = 0; path = BookLetUITests.xctest; sourceTree = BUILT_PRODUCTS_DIR; };
		0D956102272482430041E371 /* BookLetUITests.swift */ = {isa = PBXFileReference; lastKnownFileType = sourcecode.swift; path = BookLetUITests.swift; sourceTree = "<group>"; };
		0D956104272482430041E371 /* BookLetUITestsLaunchTests.swift */ = {isa = PBXFileReference; lastKnownFileType = sourcecode.swift; path = BookLetUITestsLaunchTests.swift; sourceTree = "<group>"; };
		0D956111272485390041E371 /* APICaller.swift */ = {isa = PBXFileReference; lastKnownFileType = sourcecode.swift; path = APICaller.swift; sourceTree = "<group>"; };
		0D9561132724993F0041E371 /* BooksTableViewCell.swift */ = {isa = PBXFileReference; lastKnownFileType = sourcecode.swift; path = BooksTableViewCell.swift; sourceTree = "<group>"; };
/* End PBXFileReference section */

/* Begin PBXFrameworksBuildPhase section */
		0D9560DB2724823C0041E371 /* Frameworks */ = {
			isa = PBXFrameworksBuildPhase;
			buildActionMask = 2147483647;
			files = (
			);
			runOnlyForDeploymentPostprocessing = 0;
		};
		0D9560F1272482420041E371 /* Frameworks */ = {
			isa = PBXFrameworksBuildPhase;
			buildActionMask = 2147483647;
			files = (
			);
			runOnlyForDeploymentPostprocessing = 0;
		};
		0D9560FB272482430041E371 /* Frameworks */ = {
			isa = PBXFrameworksBuildPhase;
			buildActionMask = 2147483647;
			files = (
			);
			runOnlyForDeploymentPostprocessing = 0;
		};
/* End PBXFrameworksBuildPhase section */

/* Begin PBXGroup section */
		0D9560D52724823C0041E371 = {
			isa = PBXGroup;
			children = (
				0D9560E02724823C0041E371 /* BookLet */,
				0D9560F7272482420041E371 /* BookLetTests */,
				0D956101272482430041E371 /* BookLetUITests */,
				0D9560DF2724823C0041E371 /* Products */,
			);
			sourceTree = "<group>";
		};
		0D9560DF2724823C0041E371 /* Products */ = {
			isa = PBXGroup;
			children = (
				0D9560DE2724823C0041E371 /* BookLet.app */,
				0D9560F4272482420041E371 /* BookLetTests.xctest */,
				0D9560FE272482430041E371 /* BookLetUITests.xctest */,
			);
			name = Products;
			sourceTree = "<group>";
		};
		0D9560E02724823C0041E371 /* BookLet */ = {
			isa = PBXGroup;
			children = (
				0D9560E12724823C0041E371 /* AppDelegate.swift */,
				0D9560E32724823C0041E371 /* SceneDelegate.swift */,
				0D9560E52724823C0041E371 /* ViewController.swift */,
				0D9560E72724823C0041E371 /* Main.storyboard */,
				0D9560EA272482420041E371 /* Assets.xcassets */,
				0D9560EC272482420041E371 /* LaunchScreen.storyboard */,
				0D9560EF272482420041E371 /* Info.plist */,
				0D956111272485390041E371 /* APICaller.swift */,
				0D9561132724993F0041E371 /* BooksTableViewCell.swift */,
			);
			path = BookLet;
			sourceTree = "<group>";
		};
		0D9560F7272482420041E371 /* BookLetTests */ = {
			isa = PBXGroup;
			children = (
				0D9560F8272482430041E371 /* BookLetTests.swift */,
			);
			path = BookLetTests;
			sourceTree = "<group>";
		};
		0D956101272482430041E371 /* BookLetUITests */ = {
			isa = PBXGroup;
			children = (
				0D956102272482430041E371 /* BookLetUITests.swift */,
				0D956104272482430041E371 /* BookLetUITestsLaunchTests.swift */,
			);
			path = BookLetUITests;
			sourceTree = "<group>";
		};
/* End PBXGroup section */

/* Begin PBXNativeTarget section */
		0D9560DD2724823C0041E371 /* BookLet */ = {
			isa = PBXNativeTarget;
			buildConfigurationList = 0D956108272482430041E371 /* Build configuration list for PBXNativeTarget "BookLet" */;
			buildPhases = (
				0D9560DA2724823C0041E371 /* Sources */,
				0D9560DB2724823C0041E371 /* Frameworks */,
				0D9560DC2724823C0041E371 /* Resources */,
			);
			buildRules = (
			);
			dependencies = (
			);
			name = BookLet;
			productName = BookLet;
			productReference = 0D9560DE2724823C0041E371 /* BookLet.app */;
			productType = "com.apple.product-type.application";
		};
		0D9560F3272482420041E371 /* BookLetTests */ = {
			isa = PBXNativeTarget;
			buildConfigurationList = 0D95610B272482430041E371 /* Build configuration list for PBXNativeTarget "BookLetTests" */;
			buildPhases = (
				0D9560F0272482420041E371 /* Sources */,
				0D9560F1272482420041E371 /* Frameworks */,
				0D9560F2272482420041E371 /* Resources */,
			);
			buildRules = (
			);
			dependencies = (
				0D9560F6272482420041E371 /* PBXTargetDependency */,
			);
			name = BookLetTests;
			productName = BookLetTests;
			productReference = 0D9560F4272482420041E371 /* BookLetTests.xctest */;
			productType = "com.apple.product-type.bundle.unit-test";
		};
		0D9560FD272482430041E371 /* BookLetUITests */ = {
			isa = PBXNativeTarget;
			buildConfigurationList = 0D95610E272482430041E371 /* Build configuration list for PBXNativeTarget "BookLetUITests" */;
			buildPhases = (
				0D9560FA272482430041E371 /* Sources */,
				0D9560FB272482430041E371 /* Frameworks */,
				0D9560FC272482430041E371 /* Resources */,
			);
			buildRules = (
			);
			dependencies = (
				0D956100272482430041E371 /* PBXTargetDependency */,
			);
			name = BookLetUITests;
			productName = BookLetUITests;
			productReference = 0D9560FE272482430041E371 /* BookLetUITests.xctest */;
			productType = "com.apple.product-type.bundle.ui-testing";
		};
/* End PBXNativeTarget section */

/* Begin PBXProject section */
		0D9560D62724823C0041E371 /* Project object */ = {
			isa = PBXProject;
			attributes = {
				BuildIndependentTargetsInParallel = 1;
				LastSwiftUpdateCheck = 1300;
				LastUpgradeCheck = 1300;
				TargetAttributes = {
					0D9560DD2724823C0041E371 = {
						CreatedOnToolsVersion = 13.0;
					};
					0D9560F3272482420041E371 = {
						CreatedOnToolsVersion = 13.0;
						TestTargetID = 0D9560DD2724823C0041E371;
					};
					0D9560FD272482430041E371 = {
						CreatedOnToolsVersion = 13.0;
						TestTargetID = 0D9560DD2724823C0041E371;
					};
				};
			};
			buildConfigurationList = 0D9560D92724823C0041E371 /* Build configuration list for PBXProject "BookLet" */;
			compatibilityVersion = "Xcode 13.0";
			developmentRegion = en;
			hasScannedForEncodings = 0;
			knownRegions = (
				en,
				Base,
			);
			mainGroup = 0D9560D52724823C0041E371;
			productRefGroup = 0D9560DF2724823C0041E371 /* Products */;
			projectDirPath = "";
			projectRoot = "";
			targets = (
				0D9560DD2724823C0041E371 /* BookLet */,
				0D9560F3272482420041E371 /* BookLetTests */,
				0D9560FD272482430041E371 /* BookLetUITests */,
			);
		};
/* End PBXProject section */

/* Begin PBXResourcesBuildPhase section */
		0D9560DC2724823C0041E371 /* Resources */ = {
			isa = PBXResourcesBuildPhase;
			buildActionMask = 2147483647;
			files = (
				0D9560EE272482420041E371 /* LaunchScreen.storyboard in Resources */,
				0D9560EB272482420041E371 /* Assets.xcassets in Resources */,
				0D9560E92724823C0041E371 /* Main.storyboard in Resources */,
			);
			runOnlyForDeploymentPostprocessing = 0;
		};
		0D9560F2272482420041E371 /* Resources */ = {
			isa = PBXResourcesBuildPhase;
			buildActionMask = 2147483647;
			files = (
			);
			runOnlyForDeploymentPostprocessing = 0;
		};
		0D9560FC272482430041E371 /* Resources */ = {
			isa = PBXResourcesBuildPhase;
			buildActionMask = 2147483647;
			files = (
			);
			runOnlyForDeploymentPostprocessing = 0;
		};
/* End PBXResourcesBuildPhase section */

/* Begin PBXSourcesBuildPhase section */
		0D9560DA2724823C0041E371 /* Sources */ = {
			isa = PBXSourcesBuildPhase;
			buildActionMask = 2147483647;
			files = (
				0D9561142724993F0041E371 /* BooksTableViewCell.swift in Sources */,
				0D9560E62724823C0041E371 /* ViewController.swift in Sources */,
				0D9560E22724823C0041E371 /* AppDelegate.swift in Sources */,
				0D9560E42724823C0041E371 /* SceneDelegate.swift in Sources */,
				0D956112272485390041E371 /* APICaller.swift in Sources */,
			);
			runOnlyForDeploymentPostprocessing = 0;
		};
		0D9560F0272482420041E371 /* Sources */ = {
			isa = PBXSourcesBuildPhase;
			buildActionMask = 2147483647;
			files = (
				0D9560F9272482430041E371 /* BookLetTests.swift in Sources */,
			);
			runOnlyForDeploymentPostprocessing = 0;
		};
		0D9560FA272482430041E371 /* Sources */ = {
			isa = PBXSourcesBuildPhase;
			buildActionMask = 2147483647;
			files = (
				0D956103272482430041E371 /* BookLetUITests.swift in Sources */,
				0D956105272482430041E371 /* BookLetUITestsLaunchTests.swift in Sources */,
			);
			runOnlyForDeploymentPostprocessing = 0;
		};
/* End PBXSourcesBuildPhase section */

/* Begin PBXTargetDependency section */
		0D9560F6272482420041E371 /* PBXTargetDependency */ = {
			isa = PBXTargetDependency;
			target = 0D9560DD2724823C0041E371 /* BookLet */;
			targetProxy = 0D9560F5272482420041E371 /* PBXContainerItemProxy */;
		};
		0D956100272482430041E371 /* PBXTargetDependency */ = {
			isa = PBXTargetDependency;
			target = 0D9560DD2724823C0041E371 /* BookLet */;
			targetProxy = 0D9560FF272482430041E371 /* PBXContainerItemProxy */;
		};
/* End PBXTargetDependency section */

/* Begin PBXVariantGroup section */
		0D9560E72724823C0041E371 /* Main.storyboard */ = {
			isa = PBXVariantGroup;
			children = (
				0D9560E82724823C0041E371 /* Base */,
			);
			name = Main.storyboard;
			sourceTree = "<group>";
		};
		0D9560EC272482420041E371 /* LaunchScreen.storyboard */ = {
			isa = PBXVariantGroup;
			children = (
				0D9560ED272482420041E371 /* Base */,
			);
			name = LaunchScreen.storyboard;
			sourceTree = "<group>";
		};
/* End PBXVariantGroup section */

/* Begin XCBuildConfiguration section */
		0D956106272482430041E371 /* Debug */ = {
			isa = XCBuildConfiguration;
			buildSettings = {
				ALWAYS_SEARCH_USER_PATHS = NO;
				CLANG_ANALYZER_NONNULL = YES;
				CLANG_ANALYZER_NUMBER_OBJECT_CONVERSION = YES_AGGRESSIVE;
				CLANG_CXX_LANGUAGE_STANDARD = "gnu++17";
				CLANG_CXX_LIBRARY = "libc++";
				CLANG_ENABLE_MODULES = YES;
				CLANG_ENABLE_OBJC_ARC = YES;
				CLANG_ENABLE_OBJC_WEAK = YES;
				CLANG_WARN_BLOCK_CAPTURE_AUTORELEASING = YES;
				CLANG_WARN_BOOL_CONVERSION = YES;
				CLANG_WARN_COMMA = YES;
				CLANG_WARN_CONSTANT_CONVERSION = YES;
				CLANG_WARN_DEPRECATED_OBJC_IMPLEMENTATIONS = YES;
				CLANG_WARN_DIRECT_OBJC_ISA_USAGE = YES_ERROR;
				CLANG_WARN_DOCUMENTATION_COMMENTS = YES;
				CLANG_WARN_EMPTY_BODY = YES;
				CLANG_WARN_ENUM_CONVERSION = YES;
				CLANG_WARN_INFINITE_RECURSION = YES;
				CLANG_WARN_INT_CONVERSION = YES;
				CLANG_WARN_NON_LITERAL_NULL_CONVERSION = YES;
				CLANG_WARN_OBJC_IMPLICIT_RETAIN_SELF = YES;
				CLANG_WARN_OBJC_LITERAL_CONVERSION = YES;
				CLANG_WARN_OBJC_ROOT_CLASS = YES_ERROR;
				CLANG_WARN_QUOTED_INCLUDE_IN_FRAMEWORK_HEADER = YES;
				CLANG_WARN_RANGE_LOOP_ANALYSIS = YES;
				CLANG_WARN_STRICT_PROTOTYPES = YES;
				CLANG_WARN_SUSPICIOUS_MOVE = YES;
				CLANG_WARN_UNGUARDED_AVAILABILITY = YES_AGGRESSIVE;
				CLANG_WARN_UNREACHABLE_CODE = YES;
				CLANG_WARN__DUPLICATE_METHOD_MATCH = YES;
				COPY_PHASE_STRIP = NO;
				DEBUG_INFORMATION_FORMAT = dwarf;
				ENABLE_STRICT_OBJC_MSGSEND = YES;
				ENABLE_TESTABILITY = YES;
				GCC_C_LANGUAGE_STANDARD = gnu11;
				GCC_DYNAMIC_NO_PIC = NO;
				GCC_NO_COMMON_BLOCKS = YES;
				GCC_OPTIMIZATION_LEVEL = 0;
				GCC_PREPROCESSOR_DEFINITIONS = (
					"DEBUG=1",
					"$(inherited)",
				);
				GCC_WARN_64_TO_32_BIT_CONVERSION = YES;
				GCC_WARN_ABOUT_RETURN_TYPE = YES_ERROR;
				GCC_WARN_UNDECLARED_SELECTOR = YES;
				GCC_WARN_UNINITIALIZED_AUTOS = YES_AGGRESSIVE;
				GCC_WARN_UNUSED_FUNCTION = YES;
				GCC_WARN_UNUSED_VARIABLE = YES;
				IPHONEOS_DEPLOYMENT_TARGET = 15.0;
				MTL_ENABLE_DEBUG_INFO = INCLUDE_SOURCE;
				MTL_FAST_MATH = YES;
				ONLY_ACTIVE_ARCH = YES;
				SDKROOT = iphoneos;
				SWIFT_ACTIVE_COMPILATION_CONDITIONS = DEBUG;
				SWIFT_OPTIMIZATION_LEVEL = "-Onone";
			};
			name = Debug;
		};
		0D956107272482430041E371 /* Release */ = {
			isa = XCBuildConfiguration;
			buildSettings = {
				ALWAYS_SEARCH_USER_PATHS = NO;
				CLANG_ANALYZER_NONNULL = YES;
				CLANG_ANALYZER_NUMBER_OBJECT_CONVERSION = YES_AGGRESSIVE;
				CLANG_CXX_LANGUAGE_STANDARD = "gnu++17";
				CLANG_CXX_LIBRARY = "libc++";
				CLANG_ENABLE_MODULES = YES;
				CLANG_ENABLE_OBJC_ARC = YES;
				CLANG_ENABLE_OBJC_WEAK = YES;
				CLANG_WARN_BLOCK_CAPTURE_AUTORELEASING = YES;
				CLANG_WARN_BOOL_CONVERSION = YES;
				CLANG_WARN_COMMA = YES;
				CLANG_WARN_CONSTANT_CONVERSION = YES;
				CLANG_WARN_DEPRECATED_OBJC_IMPLEMENTATIONS = YES;
				CLANG_WARN_DIRECT_OBJC_ISA_USAGE = YES_ERROR;
				CLANG_WARN_DOCUMENTATION_COMMENTS = YES;
				CLANG_WARN_EMPTY_BODY = YES;
				CLANG_WARN_ENUM_CONVERSION = YES;
				CLANG_WARN_INFINITE_RECURSION = YES;
				CLANG_WARN_INT_CONVERSION = YES;
				CLANG_WARN_NON_LITERAL_NULL_CONVERSION = YES;
				CLANG_WARN_OBJC_IMPLICIT_RETAIN_SELF = YES;
				CLANG_WARN_OBJC_LITERAL_CONVERSION = YES;
				CLANG_WARN_OBJC_ROOT_CLASS = YES_ERROR;
				CLANG_WARN_QUOTED_INCLUDE_IN_FRAMEWORK_HEADER = YES;
				CLANG_WARN_RANGE_LOOP_ANALYSIS = YES;
				CLANG_WARN_STRICT_PROTOTYPES = YES;
				CLANG_WARN_SUSPICIOUS_MOVE = YES;
				CLANG_WARN_UNGUARDED_AVAILABILITY = YES_AGGRESSIVE;
				CLANG_WARN_UNREACHABLE_CODE = YES;
				CLANG_WARN__DUPLICATE_METHOD_MATCH = YES;
				COPY_PHASE_STRIP = NO;
				DEBUG_INFORMATION_FORMAT = "dwarf-with-dsym";
				ENABLE_NS_ASSERTIONS = NO;
				ENABLE_STRICT_OBJC_MSGSEND = YES;
				GCC_C_LANGUAGE_STANDARD = gnu11;
				GCC_NO_COMMON_BLOCKS = YES;
				GCC_WARN_64_TO_32_BIT_CONVERSION = YES;
				GCC_WARN_ABOUT_RETURN_TYPE = YES_ERROR;
				GCC_WARN_UNDECLARED_SELECTOR = YES;
				GCC_WARN_UNINITIALIZED_AUTOS = YES_AGGRESSIVE;
				GCC_WARN_UNUSED_FUNCTION = YES;
				GCC_WARN_UNUSED_VARIABLE = YES;
				IPHONEOS_DEPLOYMENT_TARGET = 15.0;
				MTL_ENABLE_DEBUG_INFO = NO;
				MTL_FAST_MATH = YES;
				SDKROOT = iphoneos;
				SWIFT_COMPILATION_MODE = wholemodule;
				SWIFT_OPTIMIZATION_LEVEL = "-O";
				VALIDATE_PRODUCT = YES;
			};
			name = Release;
		};
		0D956109272482430041E371 /* Debug */ = {
			isa = XCBuildConfiguration;
			buildSettings = {
				ASSETCATALOG_COMPILER_APPICON_NAME = AppIcon;
				ASSETCATALOG_COMPILER_GLOBAL_ACCENT_COLOR_NAME = AccentColor;
				CODE_SIGN_STYLE = Automatic;
				CURRENT_PROJECT_VERSION = 1;
				DEVELOPMENT_TEAM = V6U7H4T5T2;
				GENERATE_INFOPLIST_FILE = YES;
				INFOPLIST_FILE = BookLet/Info.plist;
				INFOPLIST_KEY_UIApplicationSupportsIndirectInputEvents = YES;
				INFOPLIST_KEY_UILaunchStoryboardName = LaunchScreen;
				INFOPLIST_KEY_UIMainStoryboardFile = Main;
				INFOPLIST_KEY_UISupportedInterfaceOrientations_iPad = "UIInterfaceOrientationPortrait UIInterfaceOrientationPortraitUpsideDown UIInterfaceOrientationLandscapeLeft UIInterfaceOrientationLandscapeRight";
				INFOPLIST_KEY_UISupportedInterfaceOrientations_iPhone = "UIInterfaceOrientationPortrait UIInterfaceOrientationLandscapeLeft UIInterfaceOrientationLandscapeRight";
				LD_RUNPATH_SEARCH_PATHS = (
					"$(inherited)",
					"@executable_path/Frameworks",
				);
				MARKETING_VERSION = 1.0;
				PRODUCT_BUNDLE_IDENTIFIER = KshitijBhosale.BookLet;
				PRODUCT_NAME = "$(TARGET_NAME)";
				SWIFT_EMIT_LOC_STRINGS = YES;
				SWIFT_VERSION = 5.0;
				TARGETED_DEVICE_FAMILY = "1,2";
			};
			name = Debug;
		};
		0D95610A272482430041E371 /* Release */ = {
			isa = XCBuildConfiguration;
			buildSettings = {
				ASSETCATALOG_COMPILER_APPICON_NAME = AppIcon;
				ASSETCATALOG_COMPILER_GLOBAL_ACCENT_COLOR_NAME = AccentColor;
				CODE_SIGN_STYLE = Automatic;
				CURRENT_PROJECT_VERSION = 1;
				DEVELOPMENT_TEAM = V6U7H4T5T2;
				GENERATE_INFOPLIST_FILE = YES;
				INFOPLIST_FILE = BookLet/Info.plist;
				INFOPLIST_KEY_UIApplicationSupportsIndirectInputEvents = YES;
				INFOPLIST_KEY_UILaunchStoryboardName = LaunchScreen;
				INFOPLIST_KEY_UIMainStoryboardFile = Main;
				INFOPLIST_KEY_UISupportedInterfaceOrientations_iPad = "UIInterfaceOrientationPortrait UIInterfaceOrientationPortraitUpsideDown UIInterfaceOrientationLandscapeLeft UIInterfaceOrientationLandscapeRight";
				INFOPLIST_KEY_UISupportedInterfaceOrientations_iPhone = "UIInterfaceOrientationPortrait UIInterfaceOrientationLandscapeLeft UIInterfaceOrientationLandscapeRight";
				LD_RUNPATH_SEARCH_PATHS = (
					"$(inherited)",
					"@executable_path/Frameworks",
				);
				MARKETING_VERSION = 1.0;
				PRODUCT_BUNDLE_IDENTIFIER = KshitijBhosale.BookLet;
				PRODUCT_NAME = "$(TARGET_NAME)";
				SWIFT_EMIT_LOC_STRINGS = YES;
				SWIFT_VERSION = 5.0;
				TARGETED_DEVICE_FAMILY = "1,2";
			};
			name = Release;
		};
		0D95610C272482430041E371 /* Debug */ = {
			isa = XCBuildConfiguration;
			buildSettings = {
				ALWAYS_EMBED_SWIFT_STANDARD_LIBRARIES = YES;
				BUNDLE_LOADER = "$(TEST_HOST)";
				CODE_SIGN_STYLE = Automatic;
				CURRENT_PROJECT_VERSION = 1;
				DEVELOPMENT_TEAM = V6U7H4T5T2;
				GENERATE_INFOPLIST_FILE = YES;
				IPHONEOS_DEPLOYMENT_TARGET = 15.0;
				LD_RUNPATH_SEARCH_PATHS = (
					"$(inherited)",
					"@executable_path/Frameworks",
					"@loader_path/Frameworks",
				);
				MARKETING_VERSION = 1.0;
				PRODUCT_BUNDLE_IDENTIFIER = KshitijBhosale.BookLetTests;
				PRODUCT_NAME = "$(TARGET_NAME)";
				SWIFT_EMIT_LOC_STRINGS = NO;
				SWIFT_VERSION = 5.0;
				TARGETED_DEVICE_FAMILY = "1,2";
				TEST_HOST = "$(BUILT_PRODUCTS_DIR)/BookLet.app/BookLet";
			};
			name = Debug;
		};
		0D95610D272482430041E371 /* Release */ = {
			isa = XCBuildConfiguration;
			buildSettings = {
				ALWAYS_EMBED_SWIFT_STANDARD_LIBRARIES = YES;
				BUNDLE_LOADER = "$(TEST_HOST)";
				CODE_SIGN_STYLE = Automatic;
				CURRENT_PROJECT_VERSION = 1;
				DEVELOPMENT_TEAM = V6U7H4T5T2;
				GENERATE_INFOPLIST_FILE = YES;
				IPHONEOS_DEPLOYMENT_TARGET = 15.0;
				LD_RUNPATH_SEARCH_PATHS = (
					"$(inherited)",
					"@executable_path/Frameworks",
					"@loader_path/Frameworks",
				);
				MARKETING_VERSION = 1.0;
				PRODUCT_BUNDLE_IDENTIFIER = KshitijBhosale.BookLetTests;
				PRODUCT_NAME = "$(TARGET_NAME)";
				SWIFT_EMIT_LOC_STRINGS = NO;
				SWIFT_VERSION = 5.0;
				TARGETED_DEVICE_FAMILY = "1,2";
				TEST_HOST = "$(BUILT_PRODUCTS_DIR)/BookLet.app/BookLet";
			};
			name = Release;
		};
		0D95610F272482430041E371 /* Debug */ = {
			isa = XCBuildConfiguration;
			buildSettings = {
				ALWAYS_EMBED_SWIFT_STANDARD_LIBRARIES = YES;
				CODE_SIGN_STYLE = Automatic;
				CURRENT_PROJECT_VERSION = 1;
				DEVELOPMENT_TEAM = V6U7H4T5T2;
				GENERATE_INFOPLIST_FILE = YES;
				LD_RUNPATH_SEARCH_PATHS = (
					"$(inherited)",
					"@executable_path/Frameworks",
					"@loader_path/Frameworks",
				);
				MARKETING_VERSION = 1.0;
				PRODUCT_BUNDLE_IDENTIFIER = KshitijBhosale.BookLetUITests;
				PRODUCT_NAME = "$(TARGET_NAME)";
				SWIFT_EMIT_LOC_STRINGS = NO;
				SWIFT_VERSION = 5.0;
				TARGETED_DEVICE_FAMILY = "1,2";
				TEST_TARGET_NAME = BookLet;
			};
			name = Debug;
		};
		0D956110272482430041E371 /* Release */ = {
			isa = XCBuildConfiguration;
			buildSettings = {
				ALWAYS_EMBED_SWIFT_STANDARD_LIBRARIES = YES;
				CODE_SIGN_STYLE = Automatic;
				CURRENT_PROJECT_VERSION = 1;
				DEVELOPMENT_TEAM = V6U7H4T5T2;
				GENERATE_INFOPLIST_FILE = YES;
				LD_RUNPATH_SEARCH_PATHS = (
					"$(inherited)",
					"@executable_path/Frameworks",
					"@loader_path/Frameworks",
				);
				MARKETING_VERSION = 1.0;
				PRODUCT_BUNDLE_IDENTIFIER = KshitijBhosale.BookLetUITests;
				PRODUCT_NAME = "$(TARGET_NAME)";
				SWIFT_EMIT_LOC_STRINGS = NO;
				SWIFT_VERSION = 5.0;
				TARGETED_DEVICE_FAMILY = "1,2";
				TEST_TARGET_NAME = BookLet;
			};
			name = Release;
		};
/* End XCBuildConfiguration section */

/* Begin XCConfigurationList section */
		0D9560D92724823C0041E371 /* Build configuration list for PBXProject "BookLet" */ = {
			isa = XCConfigurationList;
			buildConfigurations = (
				0D956106272482430041E371 /* Debug */,
				0D956107272482430041E371 /* Release */,
			);
			defaultConfigurationIsVisible = 0;
			defaultConfigurationName = Release;
		};
		0D956108272482430041E371 /* Build configuration list for PBXNativeTarget "BookLet" */ = {
			isa = XCConfigurationList;
			buildConfigurations = (
				0D956109272482430041E371 /* Debug */,
				0D95610A272482430041E371 /* Release */,
			);
			defaultConfigurationIsVisible = 0;
			defaultConfigurationName = Release;
		};
		0D95610B272482430041E371 /* Build configuration list for PBXNativeTarget "BookLetTests" */ = {
			isa = XCConfigurationList;
			buildConfigurations = (
				0D95610C272482430041E371 /* Debug */,
				0D95610D272482430041E371 /* Release */,
			);
			defaultConfigurationIsVisible = 0;
			defaultConfigurationName = Release;
		};
		0D95610E272482430041E371 /* Build configuration list for PBXNativeTarget "BookLetUITests" */ = {
			isa = XCConfigurationList;
			buildConfigurations = (
				0D95610F272482430041E371 /* Debug */,
				0D956110272482430041E371 /* Release */,
			);
			defaultConfigurationIsVisible = 0;
			defaultConfigurationName = Release;
		};
/* End XCConfigurationList section */
	};
	rootObject = 0D9560D62724823C0041E371 /* Project object */;
}
